// !$*UTF8*$!
{
	archiveVersion = 1;
	classes = {
	};
	objectVersion = 46;
	objects = {

/* Begin PBXBuildFile section */
		2B5162031D88F199004D964A /* Personal_centerTests.m in Sources */ = {isa = PBXBuildFile; fileRef = 2B5162021D88F199004D964A /* Personal_centerTests.m */; };
		2B51620E1D88F199004D964A /* Personal_centerUITests.m in Sources */ = {isa = PBXBuildFile; fileRef = 2B51620D1D88F199004D964A /* Personal_centerUITests.m */; };
		2BC1025C1DCB280100EE2D5D /* AppDelegate.m in Sources */ = {isa = PBXBuildFile; fileRef = 2BC102111DCB280100EE2D5D /* AppDelegate.m */; };
		2BC1025E1DCB280100EE2D5D /* UIButton+circleBackImage.m in Sources */ = {isa = PBXBuildFile; fileRef = 2BC102161DCB280100EE2D5D /* UIButton+circleBackImage.m */; };
		2BC1025F1DCB280100EE2D5D /* UIImage+Scale.m in Sources */ = {isa = PBXBuildFile; fileRef = 2BC102181DCB280100EE2D5D /* UIImage+Scale.m */; };
		2BC102601DCB280100EE2D5D /* UITableViewCell+Category.m in Sources */ = {isa = PBXBuildFile; fileRef = 2BC1021A1DCB280100EE2D5D /* UITableViewCell+Category.m */; };
		2BC102611DCB280100EE2D5D /* AgreementViewController.m in Sources */ = {isa = PBXBuildFile; fileRef = 2BC1021F1DCB280100EE2D5D /* AgreementViewController.m */; };
		2BC102621DCB280100EE2D5D /* CompanyViewController.m in Sources */ = {isa = PBXBuildFile; fileRef = 2BC102231DCB280100EE2D5D /* CompanyViewController.m */; };
		2BC102631DCB280100EE2D5D /* EditViewController.m in Sources */ = {isa = PBXBuildFile; fileRef = 2BC102271DCB280100EE2D5D /* EditViewController.m */; };
		2BC102641DCB280100EE2D5D /* FansViewController.m in Sources */ = {isa = PBXBuildFile; fileRef = 2BC1022B1DCB280100EE2D5D /* FansViewController.m */; };
		2BC102651DCB280100EE2D5D /* FocusOnViewController.m in Sources */ = {isa = PBXBuildFile; fileRef = 2BC1022F1DCB280100EE2D5D /* FocusOnViewController.m */; };
		2BC102661DCB280100EE2D5D /* HelpViewController.m in Sources */ = {isa = PBXBuildFile; fileRef = 2BC102331DCB280100EE2D5D /* HelpViewController.m */; };
		2BC102671DCB280100EE2D5D /* OpinionView.m in Sources */ = {isa = PBXBuildFile; fileRef = 2BC102351DCB280100EE2D5D /* OpinionView.m */; };
		2BC102681DCB280100EE2D5D /* PopularityViewController.m in Sources */ = {isa = PBXBuildFile; fileRef = 2BC102391DCB280100EE2D5D /* PopularityViewController.m */; };
		2BC102691DCB280100EE2D5D /* SecurityViewController.m in Sources */ = {isa = PBXBuildFile; fileRef = 2BC1023D1DCB280100EE2D5D /* SecurityViewController.m */; };
		2BC1026A1DCB280100EE2D5D /* SettingViewController.m in Sources */ = {isa = PBXBuildFile; fileRef = 2BC102411DCB280100EE2D5D /* SettingViewController.m */; };
		2BC102711DCB280100EE2D5D /* CustomBtn.m in Sources */ = {isa = PBXBuildFile; fileRef = 2BC102591DCB280100EE2D5D /* CustomBtn.m */; };
		2BC102721DCB280100EE2D5D /* SWGlassesImages.m in Sources */ = {isa = PBXBuildFile; fileRef = 2BC1025B1DCB280100EE2D5D /* SWGlassesImages.m */; };
		2BC1027B1DCB287F00EE2D5D /* Assets.xcassets in Resources */ = {isa = PBXBuildFile; fileRef = 2BC102791DCB287F00EE2D5D /* Assets.xcassets */; };
		2BC1027E1DCB28B300EE2D5D /* main.m in Sources */ = {isa = PBXBuildFile; fileRef = 2BC1027D1DCB28B300EE2D5D /* main.m */; };
		2BC102911DCB4EBB00EE2D5D /* HeadPortraitView.m in Sources */ = {isa = PBXBuildFile; fileRef = 2BC102831DCB4EBB00EE2D5D /* HeadPortraitView.m */; };
		2BC102921DCB4EBB00EE2D5D /* PersonalDetails.m in Sources */ = {isa = PBXBuildFile; fileRef = 2BC102851DCB4EBB00EE2D5D /* PersonalDetails.m */; };
		2BC102931DCB4EBB00EE2D5D /* SWCollectionView.m in Sources */ = {isa = PBXBuildFile; fileRef = 2BC102881DCB4EBB00EE2D5D /* SWCollectionView.m */; };
		2BC102941DCB4EBB00EE2D5D /* SWCollectionViewCell.m in Sources */ = {isa = PBXBuildFile; fileRef = 2BC1028A1DCB4EBB00EE2D5D /* SWCollectionViewCell.m */; };
		2BC102961DCB4EBB00EE2D5D /* ViewController.m in Sources */ = {isa = PBXBuildFile; fileRef = 2BC1028F1DCB4EBB00EE2D5D /* ViewController.m */; };
/* End PBXBuildFile section */

/* Begin PBXContainerItemProxy section */
		2B5161FF1D88F199004D964A /* PBXContainerItemProxy */ = {
			isa = PBXContainerItemProxy;
			containerPortal = 2B5161DA1D88F199004D964A /* Project object */;
			proxyType = 1;
			remoteGlobalIDString = 2B5161E11D88F199004D964A;
			remoteInfo = "Personal center";
		};
		2B51620A1D88F199004D964A /* PBXContainerItemProxy */ = {
			isa = PBXContainerItemProxy;
			containerPortal = 2B5161DA1D88F199004D964A /* Project object */;
			proxyType = 1;
			remoteGlobalIDString = 2B5161E11D88F199004D964A;
			remoteInfo = "Personal center";
		};
/* End PBXContainerItemProxy section */

/* Begin PBXFileReference section */
		2B5161E21D88F199004D964A /* Personal center.app */ = {isa = PBXFileReference; explicitFileType = wrapper.application; includeInIndex = 0; path = "Personal center.app"; sourceTree = BUILT_PRODUCTS_DIR; };
		2B5161FE1D88F199004D964A /* Personal centerTests.xctest */ = {isa = PBXFileReference; explicitFileType = wrapper.cfbundle; includeInIndex = 0; path = "Personal centerTests.xctest"; sourceTree = BUILT_PRODUCTS_DIR; };
		2B5162021D88F199004D964A /* Personal_centerTests.m */ = {isa = PBXFileReference; lastKnownFileType = sourcecode.c.objc; path = Personal_centerTests.m; sourceTree = "<group>"; };
		2B5162041D88F199004D964A /* Info.plist */ = {isa = PBXFileReference; lastKnownFileType = text.plist.xml; path = Info.plist; sourceTree = "<group>"; };
		2B5162091D88F199004D964A /* Personal centerUITests.xctest */ = {isa = PBXFileReference; explicitFileType = wrapper.cfbundle; includeInIndex = 0; path = "Personal centerUITests.xctest"; sourceTree = BUILT_PRODUCTS_DIR; };
		2B51620D1D88F199004D964A /* Personal_centerUITests.m */ = {isa = PBXFileReference; lastKnownFileType = sourcecode.c.objc; path = Personal_centerUITests.m; sourceTree = "<group>"; };
		2B51620F1D88F199004D964A /* Info.plist */ = {isa = PBXFileReference; lastKnownFileType = text.plist.xml; path = Info.plist; sourceTree = "<group>"; };
		2BC102101DCB280100EE2D5D /* AppDelegate.h */ = {isa = PBXFileReference; fileEncoding = 4; lastKnownFileType = sourcecode.c.h; path = AppDelegate.h; sourceTree = "<group>"; };
		2BC102111DCB280100EE2D5D /* AppDelegate.m */ = {isa = PBXFileReference; fileEncoding = 4; lastKnownFileType = sourcecode.c.objc; path = AppDelegate.m; sourceTree = "<group>"; };
		2BC102151DCB280100EE2D5D /* UIButton+circleBackImage.h */ = {isa = PBXFileReference; fileEncoding = 4; lastKnownFileType = sourcecode.c.h; path = "UIButton+circleBackImage.h"; sourceTree = "<group>"; };
		2BC102161DCB280100EE2D5D /* UIButton+circleBackImage.m */ = {isa = PBXFileReference; fileEncoding = 4; lastKnownFileType = sourcecode.c.objc; path = "UIButton+circleBackImage.m"; sourceTree = "<group>"; };
		2BC102171DCB280100EE2D5D /* UIImage+Scale.h */ = {isa = PBXFileReference; fileEncoding = 4; lastKnownFileType = sourcecode.c.h; path = "UIImage+Scale.h"; sourceTree = "<group>"; };
		2BC102181DCB280100EE2D5D /* UIImage+Scale.m */ = {isa = PBXFileReference; fileEncoding = 4; lastKnownFileType = sourcecode.c.objc; path = "UIImage+Scale.m"; sourceTree = "<group>"; };
		2BC102191DCB280100EE2D5D /* UITableViewCell+Category.h */ = {isa = PBXFileReference; fileEncoding = 4; lastKnownFileType = sourcecode.c.h; path = "UITableViewCell+Category.h"; sourceTree = "<group>"; };
		2BC1021A1DCB280100EE2D5D /* UITableViewCell+Category.m */ = {isa = PBXFileReference; fileEncoding = 4; lastKnownFileType = sourcecode.c.objc; path = "UITableViewCell+Category.m"; sourceTree = "<group>"; };
		2BC1021E1DCB280100EE2D5D /* AgreementViewController.h */ = {isa = PBXFileReference; fileEncoding = 4; lastKnownFileType = sourcecode.c.h; path = AgreementViewController.h; sourceTree = "<group>"; };
		2BC1021F1DCB280100EE2D5D /* AgreementViewController.m */ = {isa = PBXFileReference; fileEncoding = 4; lastKnownFileType = sourcecode.c.objc; path = AgreementViewController.m; sourceTree = "<group>"; };
		2BC102221DCB280100EE2D5D /* CompanyViewController.h */ = {isa = PBXFileReference; fileEncoding = 4; lastKnownFileType = sourcecode.c.h; path = CompanyViewController.h; sourceTree = "<group>"; };
		2BC102231DCB280100EE2D5D /* CompanyViewController.m */ = {isa = PBXFileReference; fileEncoding = 4; lastKnownFileType = sourcecode.c.objc; path = CompanyViewController.m; sourceTree = "<group>"; };
		2BC102261DCB280100EE2D5D /* EditViewController.h */ = {isa = PBXFileReference; fileEncoding = 4; lastKnownFileType = sourcecode.c.h; path = EditViewController.h; sourceTree = "<group>"; };
		2BC102271DCB280100EE2D5D /* EditViewController.m */ = {isa = PBXFileReference; fileEncoding = 4; lastKnownFileType = sourcecode.c.objc; path = EditViewController.m; sourceTree = "<group>"; };
		2BC1022A1DCB280100EE2D5D /* FansViewController.h */ = {isa = PBXFileReference; fileEncoding = 4; lastKnownFileType = sourcecode.c.h; path = FansViewController.h; sourceTree = "<group>"; };
		2BC1022B1DCB280100EE2D5D /* FansViewController.m */ = {isa = PBXFileReference; fileEncoding = 4; lastKnownFileType = sourcecode.c.objc; path = FansViewController.m; sourceTree = "<group>"; };
		2BC1022E1DCB280100EE2D5D /* FocusOnViewController.h */ = {isa = PBXFileReference; fileEncoding = 4; lastKnownFileType = sourcecode.c.h; path = FocusOnViewController.h; sourceTree = "<group>"; };
		2BC1022F1DCB280100EE2D5D /* FocusOnViewController.m */ = {isa = PBXFileReference; fileEncoding = 4; lastKnownFileType = sourcecode.c.objc; path = FocusOnViewController.m; sourceTree = "<group>"; };
		2BC102321DCB280100EE2D5D /* HelpViewController.h */ = {isa = PBXFileReference; fileEncoding = 4; lastKnownFileType = sourcecode.c.h; path = HelpViewController.h; sourceTree = "<group>"; };
		2BC102331DCB280100EE2D5D /* HelpViewController.m */ = {isa = PBXFileReference; fileEncoding = 4; lastKnownFileType = sourcecode.c.objc; path = HelpViewController.m; sourceTree = "<group>"; };
		2BC102341DCB280100EE2D5D /* OpinionView.h */ = {isa = PBXFileReference; fileEncoding = 4; lastKnownFileType = sourcecode.c.h; path = OpinionView.h; sourceTree = "<group>"; };
		2BC102351DCB280100EE2D5D /* OpinionView.m */ = {isa = PBXFileReference; fileEncoding = 4; lastKnownFileType = sourcecode.c.objc; path = OpinionView.m; sourceTree = "<group>"; };
		2BC102381DCB280100EE2D5D /* PopularityViewController.h */ = {isa = PBXFileReference; fileEncoding = 4; lastKnownFileType = sourcecode.c.h; path = PopularityViewController.h; sourceTree = "<group>"; };
		2BC102391DCB280100EE2D5D /* PopularityViewController.m */ = {isa = PBXFileReference; fileEncoding = 4; lastKnownFileType = sourcecode.c.objc; path = PopularityViewController.m; sourceTree = "<group>"; };
		2BC1023C1DCB280100EE2D5D /* SecurityViewController.h */ = {isa = PBXFileReference; fileEncoding = 4; lastKnownFileType = sourcecode.c.h; path = SecurityViewController.h; sourceTree = "<group>"; };
		2BC1023D1DCB280100EE2D5D /* SecurityViewController.m */ = {isa = PBXFileReference; fileEncoding = 4; lastKnownFileType = sourcecode.c.objc; path = SecurityViewController.m; sourceTree = "<group>"; };
		2BC102401DCB280100EE2D5D /* SettingViewController.h */ = {isa = PBXFileReference; fileEncoding = 4; lastKnownFileType = sourcecode.c.h; path = SettingViewController.h; sourceTree = "<group>"; };
		2BC102411DCB280100EE2D5D /* SettingViewController.m */ = {isa = PBXFileReference; fileEncoding = 4; lastKnownFileType = sourcecode.c.objc; path = SettingViewController.m; sourceTree = "<group>"; };
		2BC102431DCB280100EE2D5D /* Header.h */ = {isa = PBXFileReference; fileEncoding = 4; lastKnownFileType = sourcecode.c.h; path = Header.h; sourceTree = "<group>"; };
		2BC102581DCB280100EE2D5D /* CustomBtn.h */ = {isa = PBXFileReference; fileEncoding = 4; lastKnownFileType = sourcecode.c.h; path = CustomBtn.h; sourceTree = "<group>"; };
		2BC102591DCB280100EE2D5D /* CustomBtn.m */ = {isa = PBXFileReference; fileEncoding = 4; lastKnownFileType = sourcecode.c.objc; path = CustomBtn.m; sourceTree = "<group>"; };
		2BC1025A1DCB280100EE2D5D /* SWGlassesImages.h */ = {isa = PBXFileReference; fileEncoding = 4; lastKnownFileType = sourcecode.c.h; path = SWGlassesImages.h; sourceTree = "<group>"; };
		2BC1025B1DCB280100EE2D5D /* SWGlassesImages.m */ = {isa = PBXFileReference; fileEncoding = 4; lastKnownFileType = sourcecode.c.objc; path = SWGlassesImages.m; sourceTree = "<group>"; };
		2BC102791DCB287F00EE2D5D /* Assets.xcassets */ = {isa = PBXFileReference; lastKnownFileType = folder.assetcatalog; path = Assets.xcassets; sourceTree = "<group>"; };
		2BC1027A1DCB287F00EE2D5D /* Info.plist */ = {isa = PBXFileReference; fileEncoding = 4; lastKnownFileType = text.plist.xml; path = Info.plist; sourceTree = "<group>"; };
		2BC1027D1DCB28B300EE2D5D /* main.m */ = {isa = PBXFileReference; fileEncoding = 4; lastKnownFileType = sourcecode.c.objc; path = main.m; sourceTree = "<group>"; };
		2BC102821DCB4EBB00EE2D5D /* HeadPortraitView.h */ = {isa = PBXFileReference; fileEncoding = 4; lastKnownFileType = sourcecode.c.h; path = HeadPortraitView.h; sourceTree = "<group>"; };
		2BC102831DCB4EBB00EE2D5D /* HeadPortraitView.m */ = {isa = PBXFileReference; fileEncoding = 4; lastKnownFileType = sourcecode.c.objc; path = HeadPortraitView.m; sourceTree = "<group>"; };
		2BC102841DCB4EBB00EE2D5D /* PersonalDetails.h */ = {isa = PBXFileReference; fileEncoding = 4; lastKnownFileType = sourcecode.c.h; path = PersonalDetails.h; sourceTree = "<group>"; };
		2BC102851DCB4EBB00EE2D5D /* PersonalDetails.m */ = {isa = PBXFileReference; fileEncoding = 4; lastKnownFileType = sourcecode.c.objc; path = PersonalDetails.m; sourceTree = "<group>"; };
		2BC102871DCB4EBB00EE2D5D /* SWCollectionView.h */ = {isa = PBXFileReference; fileEncoding = 4; lastKnownFileType = sourcecode.c.h; path = SWCollectionView.h; sourceTree = "<group>"; };
		2BC102881DCB4EBB00EE2D5D /* SWCollectionView.m */ = {isa = PBXFileReference; fileEncoding = 4; lastKnownFileType = sourcecode.c.objc; path = SWCollectionView.m; sourceTree = "<group>"; };
		2BC102891DCB4EBB00EE2D5D /* SWCollectionViewCell.h */ = {isa = PBXFileReference; fileEncoding = 4; lastKnownFileType = sourcecode.c.h; path = SWCollectionViewCell.h; sourceTree = "<group>"; };
		2BC1028A1DCB4EBB00EE2D5D /* SWCollectionViewCell.m */ = {isa = PBXFileReference; fileEncoding = 4; lastKnownFileType = sourcecode.c.objc; path = SWCollectionViewCell.m; sourceTree = "<group>"; };
		2BC1028E1DCB4EBB00EE2D5D /* ViewController.h */ = {isa = PBXFileReference; fileEncoding = 4; lastKnownFileType = sourcecode.c.h; path = ViewController.h; sourceTree = "<group>"; };
		2BC1028F1DCB4EBB00EE2D5D /* ViewController.m */ = {isa = PBXFileReference; fileEncoding = 4; lastKnownFileType = sourcecode.c.objc; path = ViewController.m; sourceTree = "<group>"; };
/* End PBXFileReference section */

/* Begin PBXFrameworksBuildPhase section */
		2B5161DF1D88F199004D964A /* Frameworks */ = {
			isa = PBXFrameworksBuildPhase;
			buildActionMask = 2147483647;
			files = (
			);
			runOnlyForDeploymentPostprocessing = 0;
		};
		2B5161FB1D88F199004D964A /* Frameworks */ = {
			isa = PBXFrameworksBuildPhase;
			buildActionMask = 2147483647;
			files = (
			);
			runOnlyForDeploymentPostprocessing = 0;
		};
		2B5162061D88F199004D964A /* Frameworks */ = {
			isa = PBXFrameworksBuildPhase;
			buildActionMask = 2147483647;
			files = (
			);
			runOnlyForDeploymentPostprocessing = 0;
		};
/* End PBXFrameworksBuildPhase section */

/* Begin PBXGroup section */
		2B5161D91D88F199004D964A = {
			isa = PBXGroup;
			children = (
				2BC1020E1DCB280100EE2D5D /* Personal center */,
				2BC1020D1DCB27AD00EE2D5D /* Supporting Files */,
				2B5162011D88F199004D964A /* Personal centerTests */,
				2B51620C1D88F199004D964A /* Personal centerUITests */,
				2B5161E31D88F199004D964A /* Products */,
			);
			sourceTree = "<group>";
		};
		2B5161E31D88F199004D964A /* Products */ = {
			isa = PBXGroup;
			children = (
				2B5161E21D88F199004D964A /* Personal center.app */,
				2B5161FE1D88F199004D964A /* Personal centerTests.xctest */,
				2B5162091D88F199004D964A /* Personal centerUITests.xctest */,
			);
			name = Products;
			sourceTree = "<group>";
		};
		2B5162011D88F199004D964A /* Personal centerTests */ = {
			isa = PBXGroup;
			children = (
				2B5162021D88F199004D964A /* Personal_centerTests.m */,
				2B5162041D88F199004D964A /* Info.plist */,
			);
			path = "Personal centerTests";
			sourceTree = "<group>";
		};
		2B51620C1D88F199004D964A /* Personal centerUITests */ = {
			isa = PBXGroup;
			children = (
				2B51620D1D88F199004D964A /* Personal_centerUITests.m */,
				2B51620F1D88F199004D964A /* Info.plist */,
			);
			path = "Personal centerUITests";
			sourceTree = "<group>";
		};
		2BC1020D1DCB27AD00EE2D5D /* Supporting Files */ = {
			isa = PBXGroup;
			children = (
				2BC1027D1DCB28B300EE2D5D /* main.m */,
				2BC102791DCB287F00EE2D5D /* Assets.xcassets */,
				2BC1027A1DCB287F00EE2D5D /* Info.plist */,
			);
			name = "Supporting Files";
			path = "Personal center";
			sourceTree = "<group>";
		};
		2BC1020E1DCB280100EE2D5D /* Personal center */ = {
			isa = PBXGroup;
			children = (
				2BC1020F1DCB280100EE2D5D /* AppDelegate */,
				2BC102141DCB280100EE2D5D /* Categories */,
				2BC1021B1DCB280100EE2D5D /* Classes */,
				2BC102421DCB280100EE2D5D /* Macro */,
				2BC102561DCB280100EE2D5D /* Sources */,
				2BC102571DCB280100EE2D5D /* Tools */,
			);
			path = "Personal center";
			sourceTree = "<group>";
		};
		2BC1020F1DCB280100EE2D5D /* AppDelegate */ = {
			isa = PBXGroup;
			children = (
				2BC102101DCB280100EE2D5D /* AppDelegate.h */,
				2BC102111DCB280100EE2D5D /* AppDelegate.m */,
			);
			path = AppDelegate;
			sourceTree = "<group>";
		};
		2BC102141DCB280100EE2D5D /* Categories */ = {
			isa = PBXGroup;
			children = (
				2BC102151DCB280100EE2D5D /* UIButton+circleBackImage.h */,
				2BC102161DCB280100EE2D5D /* UIButton+circleBackImage.m */,
				2BC102171DCB280100EE2D5D /* UIImage+Scale.h */,
				2BC102181DCB280100EE2D5D /* UIImage+Scale.m */,
				2BC102191DCB280100EE2D5D /* UITableViewCell+Category.h */,
				2BC1021A1DCB280100EE2D5D /* UITableViewCell+Category.m */,
			);
			path = Categories;
			sourceTree = "<group>";
		};
		2BC1021B1DCB280100EE2D5D /* Classes */ = {
			isa = PBXGroup;
			children = (
				2BC1027F1DCB4EBB00EE2D5D /* Personal */,
				2BC1021C1DCB280100EE2D5D /* Agreement */,
				2BC102201DCB280100EE2D5D /* Company */,
				2BC102241DCB280100EE2D5D /* Edit */,
				2BC102281DCB280100EE2D5D /* Fans */,
				2BC1022C1DCB280100EE2D5D /* FocusOn */,
				2BC102301DCB280100EE2D5D /* Help */,
				2BC102361DCB280100EE2D5D /* Popularity */,
				2BC1023A1DCB280100EE2D5D /* Security */,
				2BC1023E1DCB280100EE2D5D /* Setting */,
			);
			path = Classes;
			sourceTree = "<group>";
		};
		2BC1021C1DCB280100EE2D5D /* Agreement */ = {
			isa = PBXGroup;
			children = (
				2BC1021D1DCB280100EE2D5D /* ViewController */,
			);
			path = Agreement;
			sourceTree = "<group>";
		};
		2BC1021D1DCB280100EE2D5D /* ViewController */ = {
			isa = PBXGroup;
			children = (
				2BC1021E1DCB280100EE2D5D /* AgreementViewController.h */,
				2BC1021F1DCB280100EE2D5D /* AgreementViewController.m */,
			);
			path = ViewController;
			sourceTree = "<group>";
		};
		2BC102201DCB280100EE2D5D /* Company */ = {
			isa = PBXGroup;
			children = (
				2BC102211DCB280100EE2D5D /* ViewController */,
			);
			path = Company;
			sourceTree = "<group>";
		};
		2BC102211DCB280100EE2D5D /* ViewController */ = {
			isa = PBXGroup;
			children = (
				2BC102221DCB280100EE2D5D /* CompanyViewController.h */,
				2BC102231DCB280100EE2D5D /* CompanyViewController.m */,
			);
			path = ViewController;
			sourceTree = "<group>";
		};
		2BC102241DCB280100EE2D5D /* Edit */ = {
			isa = PBXGroup;
			children = (
				2BC102251DCB280100EE2D5D /* ViewController */,
			);
			path = Edit;
			sourceTree = "<group>";
		};
		2BC102251DCB280100EE2D5D /* ViewController */ = {
			isa = PBXGroup;
			children = (
				2BC102261DCB280100EE2D5D /* EditViewController.h */,
				2BC102271DCB280100EE2D5D /* EditViewController.m */,
			);
			path = ViewController;
			sourceTree = "<group>";
		};
		2BC102281DCB280100EE2D5D /* Fans */ = {
			isa = PBXGroup;
			children = (
				2BC102291DCB280100EE2D5D /* ViewController */,
			);
			path = Fans;
			sourceTree = "<group>";
		};
		2BC102291DCB280100EE2D5D /* ViewController */ = {
			isa = PBXGroup;
			children = (
				2BC1022A1DCB280100EE2D5D /* FansViewController.h */,
				2BC1022B1DCB280100EE2D5D /* FansViewController.m */,
			);
			path = ViewController;
			sourceTree = "<group>";
		};
		2BC1022C1DCB280100EE2D5D /* FocusOn */ = {
			isa = PBXGroup;
			children = (
				2BC1022D1DCB280100EE2D5D /* ViewController */,
			);
			path = FocusOn;
			sourceTree = "<group>";
		};
		2BC1022D1DCB280100EE2D5D /* ViewController */ = {
			isa = PBXGroup;
			children = (
				2BC1022E1DCB280100EE2D5D /* FocusOnViewController.h */,
				2BC1022F1DCB280100EE2D5D /* FocusOnViewController.m */,
			);
			path = ViewController;
			sourceTree = "<group>";
		};
		2BC102301DCB280100EE2D5D /* Help */ = {
			isa = PBXGroup;
			children = (
				2BC102311DCB280100EE2D5D /* ViewController */,
			);
			path = Help;
			sourceTree = "<group>";
		};
		2BC102311DCB280100EE2D5D /* ViewController */ = {
			isa = PBXGroup;
			children = (
				2BC102321DCB280100EE2D5D /* HelpViewController.h */,
				2BC102331DCB280100EE2D5D /* HelpViewController.m */,
				2BC102341DCB280100EE2D5D /* OpinionView.h */,
				2BC102351DCB280100EE2D5D /* OpinionView.m */,
			);
			path = ViewController;
			sourceTree = "<group>";
		};
		2BC102361DCB280100EE2D5D /* Popularity */ = {
			isa = PBXGroup;
			children = (
				2BC102371DCB280100EE2D5D /* ViewController */,
			);
			path = Popularity;
			sourceTree = "<group>";
		};
		2BC102371DCB280100EE2D5D /* ViewController */ = {
			isa = PBXGroup;
			children = (
				2BC102381DCB280100EE2D5D /* PopularityViewController.h */,
				2BC102391DCB280100EE2D5D /* PopularityViewController.m */,
			);
			path = ViewController;
			sourceTree = "<group>";
		};
		2BC1023A1DCB280100EE2D5D /* Security */ = {
			isa = PBXGroup;
			children = (
				2BC1023B1DCB280100EE2D5D /* ViewController */,
			);
			path = Security;
			sourceTree = "<group>";
		};
		2BC1023B1DCB280100EE2D5D /* ViewController */ = {
			isa = PBXGroup;
			children = (
				2BC1023C1DCB280100EE2D5D /* SecurityViewController.h */,
				2BC1023D1DCB280100EE2D5D /* SecurityViewController.m */,
			);
			path = ViewController;
			sourceTree = "<group>";
		};
		2BC1023E1DCB280100EE2D5D /* Setting */ = {
			isa = PBXGroup;
			children = (
				2BC1023F1DCB280100EE2D5D /* ViewController */,
			);
			path = Setting;
			sourceTree = "<group>";
		};
		2BC1023F1DCB280100EE2D5D /* ViewController */ = {
			isa = PBXGroup;
			children = (
				2BC102401DCB280100EE2D5D /* SettingViewController.h */,
				2BC102411DCB280100EE2D5D /* SettingViewController.m */,
			);
			path = ViewController;
			sourceTree = "<group>";
		};
		2BC102421DCB280100EE2D5D /* Macro */ = {
			isa = PBXGroup;
			children = (
				2BC102431DCB280100EE2D5D /* Header.h */,
			);
			path = Macro;
			sourceTree = "<group>";
		};
		2BC102561DCB280100EE2D5D /* Sources */ = {
			isa = PBXGroup;
			children = (
			);
			path = Sources;
			sourceTree = "<group>";
		};
		2BC102571DCB280100EE2D5D /* Tools */ = {
			isa = PBXGroup;
			children = (
				2BC102581DCB280100EE2D5D /* CustomBtn.h */,
				2BC102591DCB280100EE2D5D /* CustomBtn.m */,
				2BC1025A1DCB280100EE2D5D /* SWGlassesImages.h */,
				2BC1025B1DCB280100EE2D5D /* SWGlassesImages.m */,
			);
			path = Tools;
			sourceTree = "<group>";
		};
		2BC1027F1DCB4EBB00EE2D5D /* Personal */ = {
			isa = PBXGroup;
			children = (
				2BC102801DCB4EBB00EE2D5D /* Model */,
				2BC102811DCB4EBB00EE2D5D /* View */,
				2BC1028D1DCB4EBB00EE2D5D /* ViewController */,
				2BC102901DCB4EBB00EE2D5D /* ViewModel */,
			);
			path = Personal;
			sourceTree = "<group>";
		};
		2BC102801DCB4EBB00EE2D5D /* Model */ = {
			isa = PBXGroup;
			children = (
			);
			path = Model;
			sourceTree = "<group>";
		};
		2BC102811DCB4EBB00EE2D5D /* View */ = {
			isa = PBXGroup;
			children = (
				2BC102821DCB4EBB00EE2D5D /* HeadPortraitView.h */,
				2BC102831DCB4EBB00EE2D5D /* HeadPortraitView.m */,
				2BC102841DCB4EBB00EE2D5D /* PersonalDetails.h */,
				2BC102851DCB4EBB00EE2D5D /* PersonalDetails.m */,
				2BC102861DCB4EBB00EE2D5D /* PersonalList */,
			);
			path = View;
			sourceTree = "<group>";
		};
		2BC102861DCB4EBB00EE2D5D /* PersonalList */ = {
			isa = PBXGroup;
			children = (
				2BC102871DCB4EBB00EE2D5D /* SWCollectionView.h */,
				2BC102881DCB4EBB00EE2D5D /* SWCollectionView.m */,
				2BC102891DCB4EBB00EE2D5D /* SWCollectionViewCell.h */,
				2BC1028A1DCB4EBB00EE2D5D /* SWCollectionViewCell.m */,
			);
			path = PersonalList;
			sourceTree = "<group>";
		};
		2BC1028D1DCB4EBB00EE2D5D /* ViewController */ = {
			isa = PBXGroup;
			children = (
				2BC1028E1DCB4EBB00EE2D5D /* ViewController.h */,
				2BC1028F1DCB4EBB00EE2D5D /* ViewController.m */,
			);
			path = ViewController;
			sourceTree = "<group>";
		};
		2BC102901DCB4EBB00EE2D5D /* ViewModel */ = {
			isa = PBXGroup;
			children = (
			);
			path = ViewModel;
			sourceTree = "<group>";
		};
/* End PBXGroup section */

/* Begin PBXNativeTarget section */
		2B5161E11D88F199004D964A /* Personal center */ = {
			isa = PBXNativeTarget;
			buildConfigurationList = 2B5162121D88F199004D964A /* Build configuration list for PBXNativeTarget "Personal center" */;
			buildPhases = (
				2B5161DE1D88F199004D964A /* Sources */,
				2B5161DF1D88F199004D964A /* Frameworks */,
				2B5161E01D88F199004D964A /* Resources */,
			);
			buildRules = (
			);
			dependencies = (
			);
			name = "Personal center";
			productName = "Personal center";
			productReference = 2B5161E21D88F199004D964A /* Personal center.app */;
			productType = "com.apple.product-type.application";
		};
		2B5161FD1D88F199004D964A /* Personal centerTests */ = {
			isa = PBXNativeTarget;
			buildConfigurationList = 2B5162151D88F199004D964A /* Build configuration list for PBXNativeTarget "Personal centerTests" */;
			buildPhases = (
				2B5161FA1D88F199004D964A /* Sources */,
				2B5161FB1D88F199004D964A /* Frameworks */,
				2B5161FC1D88F199004D964A /* Resources */,
			);
			buildRules = (
			);
			dependencies = (
				2B5162001D88F199004D964A /* PBXTargetDependency */,
			);
			name = "Personal centerTests";
			productName = "Personal centerTests";
			productReference = 2B5161FE1D88F199004D964A /* Personal centerTests.xctest */;
			productType = "com.apple.product-type.bundle.unit-test";
		};
		2B5162081D88F199004D964A /* Personal centerUITests */ = {
			isa = PBXNativeTarget;
			buildConfigurationList = 2B5162181D88F199004D964A /* Build configuration list for PBXNativeTarget "Personal centerUITests" */;
			buildPhases = (
				2B5162051D88F199004D964A /* Sources */,
				2B5162061D88F199004D964A /* Frameworks */,
				2B5162071D88F199004D964A /* Resources */,
			);
			buildRules = (
			);
			dependencies = (
				2B51620B1D88F199004D964A /* PBXTargetDependency */,
			);
			name = "Personal centerUITests";
			productName = "Personal centerUITests";
			productReference = 2B5162091D88F199004D964A /* Personal centerUITests.xctest */;
			productType = "com.apple.product-type.bundle.ui-testing";
		};
/* End PBXNativeTarget section */

/* Begin PBXProject section */
		2B5161DA1D88F199004D964A /* Project object */ = {
			isa = PBXProject;
			attributes = {
				LastUpgradeCheck = 0730;
				ORGANIZATIONNAME = Tucici;
				TargetAttributes = {
					2B5161E11D88F199004D964A = {
						CreatedOnToolsVersion = 7.3.1;
					};
					2B5161FD1D88F199004D964A = {
						CreatedOnToolsVersion = 7.3.1;
						TestTargetID = 2B5161E11D88F199004D964A;
					};
					2B5162081D88F199004D964A = {
						CreatedOnToolsVersion = 7.3.1;
						TestTargetID = 2B5161E11D88F199004D964A;
					};
				};
			};
			buildConfigurationList = 2B5161DD1D88F199004D964A /* Build configuration list for PBXProject "Personal center" */;
			compatibilityVersion = "Xcode 3.2";
			developmentRegion = English;
			hasScannedForEncodings = 0;
			knownRegions = (
				en,
				Base,
			);
			mainGroup = 2B5161D91D88F199004D964A;
			productRefGroup = 2B5161E31D88F199004D964A /* Products */;
			projectDirPath = "";
			projectRoot = "";
			targets = (
				2B5161E11D88F199004D964A /* Personal center */,
				2B5161FD1D88F199004D964A /* Personal centerTests */,
				2B5162081D88F199004D964A /* Personal centerUITests */,
			);
		};
/* End PBXProject section */

/* Begin PBXResourcesBuildPhase section */
		2B5161E01D88F199004D964A /* Resources */ = {
			isa = PBXResourcesBuildPhase;
			buildActionMask = 2147483647;
			files = (
				2BC1027B1DCB287F00EE2D5D /* Assets.xcassets in Resources */,
			);
			runOnlyForDeploymentPostprocessing = 0;
		};
		2B5161FC1D88F199004D964A /* Resources */ = {
			isa = PBXResourcesBuildPhase;
			buildActionMask = 2147483647;
			files = (
			);
			runOnlyForDeploymentPostprocessing = 0;
		};
		2B5162071D88F199004D964A /* Resources */ = {
			isa = PBXResourcesBuildPhase;
			buildActionMask = 2147483647;
			files = (
			);
			runOnlyForDeploymentPostprocessing = 0;
		};
/* End PBXResourcesBuildPhase section */

/* Begin PBXSourcesBuildPhase section */
		2B5161DE1D88F199004D964A /* Sources */ = {
			isa = PBXSourcesBuildPhase;
			buildActionMask = 2147483647;
			files = (
				2BC102621DCB280100EE2D5D /* CompanyViewController.m in Sources */,
				2BC1025E1DCB280100EE2D5D /* UIButton+circleBackImage.m in Sources */,
				2BC102721DCB280100EE2D5D /* SWGlassesImages.m in Sources */,
				2BC102911DCB4EBB00EE2D5D /* HeadPortraitView.m in Sources */,
				2BC102921DCB4EBB00EE2D5D /* PersonalDetails.m in Sources */,
				2BC102651DCB280100EE2D5D /* FocusOnViewController.m in Sources */,
				2BC1026A1DCB280100EE2D5D /* SettingViewController.m in Sources */,
				2BC1025F1DCB280100EE2D5D /* UIImage+Scale.m in Sources */,
				2BC102631DCB280100EE2D5D /* EditViewController.m in Sources */,
				2BC102711DCB280100EE2D5D /* CustomBtn.m in Sources */,
				2BC102681DCB280100EE2D5D /* PopularityViewController.m in Sources */,
				2BC102661DCB280100EE2D5D /* HelpViewController.m in Sources */,
				2BC1025C1DCB280100EE2D5D /* AppDelegate.m in Sources */,
				2BC102601DCB280100EE2D5D /* UITableViewCell+Category.m in Sources */,
				2BC102931DCB4EBB00EE2D5D /* SWCollectionView.m in Sources */,
				2BC102641DCB280100EE2D5D /* FansViewController.m in Sources */,
				2BC102671DCB280100EE2D5D /* OpinionView.m in Sources */,
				2BC102611DCB280100EE2D5D /* AgreementViewController.m in Sources */,
				2BC1027E1DCB28B300EE2D5D /* main.m in Sources */,
				2BC102961DCB4EBB00EE2D5D /* ViewController.m in Sources */,
				2BC102691DCB280100EE2D5D /* SecurityViewController.m in Sources */,
				2BC102941DCB4EBB00EE2D5D /* SWCollectionViewCell.m in Sources */,
			);
			runOnlyForDeploymentPostprocessing = 0;
		};
		2B5161FA1D88F199004D964A /* Sources */ = {
			isa = PBXSourcesBuildPhase;
			buildActionMask = 2147483647;
			files = (
				2B5162031D88F199004D964A /* Personal_centerTests.m in Sources */,
			);
			runOnlyForDeploymentPostprocessing = 0;
		};
		2B5162051D88F199004D964A /* Sources */ = {
			isa = PBXSourcesBuildPhase;
			buildActionMask = 2147483647;
			files = (
				2B51620E1D88F199004D964A /* Personal_centerUITests.m in Sources */,
			);
			runOnlyForDeploymentPostprocessing = 0;
		};
/* End PBXSourcesBuildPhase section */

/* Begin PBXTargetDependency section */
		2B5162001D88F199004D964A /* PBXTargetDependency */ = {
			isa = PBXTargetDependency;
			target = 2B5161E11D88F199004D964A /* Personal center */;
			targetProxy = 2B5161FF1D88F199004D964A /* PBXContainerItemProxy */;
		};
		2B51620B1D88F199004D964A /* PBXTargetDependency */ = {
			isa = PBXTargetDependency;
			target = 2B5161E11D88F199004D964A /* Personal center */;
			targetProxy = 2B51620A1D88F199004D964A /* PBXContainerItemProxy */;
		};
/* End PBXTargetDependency section */

/* Begin XCBuildConfiguration section */
		2B5162101D88F199004D964A /* Debug */ = {
			isa = XCBuildConfiguration;
			buildSettings = {
				ALWAYS_SEARCH_USER_PATHS = NO;
				CLANG_ANALYZER_NONNULL = YES;
				CLANG_CXX_LANGUAGE_STANDARD = "gnu++0x";
				CLANG_CXX_LIBRARY = "libc++";
				CLANG_ENABLE_MODULES = YES;
				CLANG_ENABLE_OBJC_ARC = YES;
				CLANG_WARN_BOOL_CONVERSION = YES;
				CLANG_WARN_CONSTANT_CONVERSION = YES;
				CLANG_WARN_DIRECT_OBJC_ISA_USAGE = YES_ERROR;
				CLANG_WARN_EMPTY_BODY = YES;
				CLANG_WARN_ENUM_CONVERSION = YES;
				CLANG_WARN_INT_CONVERSION = YES;
				CLANG_WARN_OBJC_ROOT_CLASS = YES_ERROR;
				CLANG_WARN_UNREACHABLE_CODE = YES;
				CLANG_WARN__DUPLICATE_METHOD_MATCH = YES;
				"CODE_SIGN_IDENTITY[sdk=iphoneos*]" = "iPhone Developer";
				COPY_PHASE_STRIP = NO;
				DEBUG_INFORMATION_FORMAT = dwarf;
				ENABLE_STRICT_OBJC_MSGSEND = YES;
				ENABLE_TESTABILITY = YES;
				GCC_C_LANGUAGE_STANDARD = gnu99;
				GCC_DYNAMIC_NO_PIC = NO;
				GCC_NO_COMMON_BLOCKS = YES;
				GCC_OPTIMIZATION_LEVEL = 0;
				GCC_PREPROCESSOR_DEFINITIONS = (
					"DEBUG=1",
					"$(inherited)",
				);
				GCC_WARN_64_TO_32_BIT_CONVERSION = YES;
				GCC_WARN_ABOUT_RETURN_TYPE = YES_ERROR;
				GCC_WARN_UNDECLARED_SELECTOR = YES;
				GCC_WARN_UNINITIALIZED_AUTOS = YES_AGGRESSIVE;
				GCC_WARN_UNUSED_FUNCTION = YES;
				GCC_WARN_UNUSED_VARIABLE = YES;
				IPHONEOS_DEPLOYMENT_TARGET = 9.3;
				MTL_ENABLE_DEBUG_INFO = YES;
				ONLY_ACTIVE_ARCH = YES;
				SDKROOT = iphoneos;
			};
			name = Debug;
		};
		2B5162111D88F199004D964A /* Release */ = {
			isa = XCBuildConfiguration;
			buildSettings = {
				ALWAYS_SEARCH_USER_PATHS = NO;
				CLANG_ANALYZER_NONNULL = YES;
				CLANG_CXX_LANGUAGE_STANDARD = "gnu++0x";
				CLANG_CXX_LIBRARY = "libc++";
				CLANG_ENABLE_MODULES = YES;
				CLANG_ENABLE_OBJC_ARC = YES;
				CLANG_WARN_BOOL_CONVERSION = YES;
				CLANG_WARN_CONSTANT_CONVERSION = YES;
				CLANG_WARN_DIRECT_OBJC_ISA_USAGE = YES_ERROR;
				CLANG_WARN_EMPTY_BODY = YES;
				CLANG_WARN_ENUM_CONVERSION = YES;
				CLANG_WARN_INT_CONVERSION = YES;
				CLANG_WARN_OBJC_ROOT_CLASS = YES_ERROR;
				CLANG_WARN_UNREACHABLE_CODE = YES;
				CLANG_WARN__DUPLICATE_METHOD_MATCH = YES;
				"CODE_SIGN_IDENTITY[sdk=iphoneos*]" = "iPhone Developer";
				COPY_PHASE_STRIP = NO;
				DEBUG_INFORMATION_FORMAT = "dwarf-with-dsym";
				ENABLE_NS_ASSERTIONS = NO;
				ENABLE_STRICT_OBJC_MSGSEND = YES;
				GCC_C_LANGUAGE_STANDARD = gnu99;
				GCC_NO_COMMON_BLOCKS = YES;
				GCC_WARN_64_TO_32_BIT_CONVERSION = YES;
				GCC_WARN_ABOUT_RETURN_TYPE = YES_ERROR;
				GCC_WARN_UNDECLARED_SELECTOR = YES;
				GCC_WARN_UNINITIALIZED_AUTOS = YES_AGGRESSIVE;
				GCC_WARN_UNUSED_FUNCTION = YES;
				GCC_WARN_UNUSED_VARIABLE = YES;
				IPHONEOS_DEPLOYMENT_TARGET = 9.3;
				MTL_ENABLE_DEBUG_INFO = NO;
				SDKROOT = iphoneos;
				VALIDATE_PRODUCT = YES;
			};
			name = Release;
		};
		2B5162131D88F199004D964A /* Debug */ = {
			isa = XCBuildConfiguration;
			buildSettings = {
				ASSETCATALOG_COMPILER_APPICON_NAME = AppIcon;
				INFOPLIST_FILE = "Personal center/Info.plist";
				IPHONEOS_DEPLOYMENT_TARGET = 9.3;
				LD_RUNPATH_SEARCH_PATHS = "$(inherited) @executable_path/Frameworks";
				PRODUCT_BUNDLE_IDENTIFIER = "Tucici.Personal-center";
				PRODUCT_NAME = "$(TARGET_NAME)";
			};
			name = Debug;
		};
		2B5162141D88F199004D964A /* Release */ = {
			isa = XCBuildConfiguration;
			buildSettings = {
				ASSETCATALOG_COMPILER_APPICON_NAME = AppIcon;
				INFOPLIST_FILE = "Personal center/Info.plist";
				IPHONEOS_DEPLOYMENT_TARGET = 9.3;
				LD_RUNPATH_SEARCH_PATHS = "$(inherited) @executable_path/Frameworks";
				PRODUCT_BUNDLE_IDENTIFIER = "Tucici.Personal-center";
				PRODUCT_NAME = "$(TARGET_NAME)";
			};
			name = Release;
		};
		2B5162161D88F199004D964A /* Debug */ = {
			isa = XCBuildConfiguration;
			buildSettings = {
				BUNDLE_LOADER = "$(TEST_HOST)";
				INFOPLIST_FILE = "Personal centerTests/Info.plist";
				LD_RUNPATH_SEARCH_PATHS = "$(inherited) @executable_path/Frameworks @loader_path/Frameworks";
				PRODUCT_BUNDLE_IDENTIFIER = "Tucici.Personal-centerTests";
				PRODUCT_NAME = "$(TARGET_NAME)";
				TEST_HOST = "$(BUILT_PRODUCTS_DIR)/Personal center.app/Personal center";
			};
			name = Debug;
		};
		2B5162171D88F199004D964A /* Release */ = {
			isa = XCBuildConfiguration;
			buildSettings = {
				BUNDLE_LOADER = "$(TEST_HOST)";
				INFOPLIST_FILE = "Personal centerTests/Info.plist";
				LD_RUNPATH_SEARCH_PATHS = "$(inherited) @executable_path/Frameworks @loader_path/Frameworks";
				PRODUCT_BUNDLE_IDENTIFIER = "Tucici.Personal-centerTests";
				PRODUCT_NAME = "$(TARGET_NAME)";
				TEST_HOST = "$(BUILT_PRODUCTS_DIR)/Personal center.app/Personal center";
			};
			name = Release;
		};
		2B5162191D88F199004D964A /* Debug */ = {
			isa = XCBuildConfiguration;
			buildSettings = {
				INFOPLIST_FILE = "Personal centerUITests/Info.plist";
				LD_RUNPATH_SEARCH_PATHS = "$(inherited) @executable_path/Frameworks @loader_path/Frameworks";
				PRODUCT_BUNDLE_IDENTIFIER = "Tucici.Personal-centerUITests";
				PRODUCT_NAME = "$(TARGET_NAME)";
				TEST_TARGET_NAME = "Personal center";
			};
			name = Debug;
		};
		2B51621A1D88F199004D964A /* Release */ = {
			isa = XCBuildConfiguration;
			buildSettings = {
				INFOPLIST_FILE = "Personal centerUITests/Info.plist";
				LD_RUNPATH_SEARCH_PATHS = "$(inherited) @executable_path/Frameworks @loader_path/Frameworks";
				PRODUCT_BUNDLE_IDENTIFIER = "Tucici.Personal-centerUITests";
				PRODUCT_NAME = "$(TARGET_NAME)";
				TEST_TARGET_NAME = "Personal center";
			};
			name = Release;
		};
/* End XCBuildConfiguration section */

/* Begin XCConfigurationList section */
		2B5161DD1D88F199004D964A /* Build configuration list for PBXProject "Personal center" */ = {
			isa = XCConfigurationList;
			buildConfigurations = (
				2B5162101D88F199004D964A /* Debug */,
				2B5162111D88F199004D964A /* Release */,
			);
			defaultConfigurationIsVisible = 0;
			defaultConfigurationName = Release;
		};
		2B5162121D88F199004D964A /* Build configuration list for PBXNativeTarget "Personal center" */ = {
			isa = XCConfigurationList;
			buildConfigurations = (
				2B5162131D88F199004D964A /* Debug */,
				2B5162141D88F199004D964A /* Release */,
			);
			defaultConfigurationIsVisible = 0;
			defaultConfigurationName = Release;
		};
		2B5162151D88F199004D964A /* Build configuration list for PBXNativeTarget "Personal centerTests" */ = {
			isa = XCConfigurationList;
			buildConfigurations = (
				2B5162161D88F199004D964A /* Debug */,
				2B5162171D88F199004D964A /* Release */,
			);
			defaultConfigurationIsVisible = 0;
			defaultConfigurationName = Release;
		};
		2B5162181D88F199004D964A /* Build configuration list for PBXNativeTarget "Personal centerUITests" */ = {
			isa = XCConfigurationList;
			buildConfigurations = (
				2B5162191D88F199004D964A /* Debug */,
				2B51621A1D88F199004D964A /* Release */,
			);
			defaultConfigurationIsVisible = 0;
			defaultConfigurationName = Release;
		};
/* End XCConfigurationList section */
	};
	rootObject = 2B5161DA1D88F199004D964A /* Project object */;
}
